// !$*UTF8*$!
{
	archiveVersion = 1;
	classes = {
	};
	objectVersion = 55;
	objects = {

/* Begin PBXBuildFile section */
		FA5230512721BCDF003DC298 /* AddAlarmView.swift in Sources */ = {isa = PBXBuildFile; fileRef = FA5230502721BCDF003DC298 /* AddAlarmView.swift */; };
		FA5230532721BD62003DC298 /* AlarmCell.swift in Sources */ = {isa = PBXBuildFile; fileRef = FA5230522721BD62003DC298 /* AlarmCell.swift */; };
		FA5230552721E0E4003DC298 /* EditAlarmView.swift in Sources */ = {isa = PBXBuildFile; fileRef = FA5230542721E0E4003DC298 /* EditAlarmView.swift */; };
		FA6C3BA82722987700C352C5 /* Utilities.swift in Sources */ = {isa = PBXBuildFile; fileRef = FA6C3BA72722987700C352C5 /* Utilities.swift */; };
		FABC233E27219ECC00CF06E5 /* Mid_termApp.swift in Sources */ = {isa = PBXBuildFile; fileRef = FABC233D27219ECC00CF06E5 /* Mid_termApp.swift */; };
		FABC234027219ECC00CF06E5 /* ContentView.swift in Sources */ = {isa = PBXBuildFile; fileRef = FABC233F27219ECC00CF06E5 /* ContentView.swift */; };
		FABC234227219ED100CF06E5 /* Assets.xcassets in Resources */ = {isa = PBXBuildFile; fileRef = FABC234127219ED100CF06E5 /* Assets.xcassets */; };
		FABC234527219ED100CF06E5 /* Preview Assets.xcassets in Resources */ = {isa = PBXBuildFile; fileRef = FABC234427219ED100CF06E5 /* Preview Assets.xcassets */; };
		FABC234C2721A28B00CF06E5 /* Models.swift in Sources */ = {isa = PBXBuildFile; fileRef = FABC234B2721A28B00CF06E5 /* Models.swift */; };
/* End PBXBuildFile section */

/* Begin PBXFileReference section */
		FA5230502721BCDF003DC298 /* AddAlarmView.swift */ = {isa = PBXFileReference; lastKnownFileType = sourcecode.swift; path = AddAlarmView.swift; sourceTree = "<group>"; };
		FA5230522721BD62003DC298 /* AlarmCell.swift */ = {isa = PBXFileReference; lastKnownFileType = sourcecode.swift; path = AlarmCell.swift; sourceTree = "<group>"; };
		FA5230542721E0E4003DC298 /* EditAlarmView.swift */ = {isa = PBXFileReference; lastKnownFileType = sourcecode.swift; path = EditAlarmView.swift; sourceTree = "<group>"; };
		FA6C3BA72722987700C352C5 /* Utilities.swift */ = {isa = PBXFileReference; lastKnownFileType = sourcecode.swift; path = Utilities.swift; sourceTree = "<group>"; };
		FABC233A27219ECC00CF06E5 /* Mid-term.app */ = {isa = PBXFileReference; explicitFileType = wrapper.application; includeInIndex = 0; path = "Mid-term.app"; sourceTree = BUILT_PRODUCTS_DIR; };
		FABC233D27219ECC00CF06E5 /* Mid_termApp.swift */ = {isa = PBXFileReference; lastKnownFileType = sourcecode.swift; path = Mid_termApp.swift; sourceTree = "<group>"; };
		FABC233F27219ECC00CF06E5 /* ContentView.swift */ = {isa = PBXFileReference; lastKnownFileType = sourcecode.swift; path = ContentView.swift; sourceTree = "<group>"; };
		FABC234127219ED100CF06E5 /* Assets.xcassets */ = {isa = PBXFileReference; lastKnownFileType = folder.assetcatalog; path = Assets.xcassets; sourceTree = "<group>"; };
		FABC234427219ED100CF06E5 /* Preview Assets.xcassets */ = {isa = PBXFileReference; lastKnownFileType = folder.assetcatalog; path = "Preview Assets.xcassets"; sourceTree = "<group>"; };
		FABC234B2721A28B00CF06E5 /* Models.swift */ = {isa = PBXFileReference; lastKnownFileType = sourcecode.swift; path = Models.swift; sourceTree = "<group>"; };
/* End PBXFileReference section */

/* Begin PBXFrameworksBuildPhase section */
		FABC233727219ECC00CF06E5 /* Frameworks */ = {
			isa = PBXFrameworksBuildPhase;
			buildActionMask = 2147483647;
			files = (
			);
			runOnlyForDeploymentPostprocessing = 0;
		};
/* End PBXFrameworksBuildPhase section */

/* Begin PBXGroup section */
		FABC233127219ECC00CF06E5 = {
			isa = PBXGroup;
			children = (
				FABC233C27219ECC00CF06E5 /* Mid-term */,
				FABC233B27219ECC00CF06E5 /* Products */,
			);
			sourceTree = "<group>";
		};
		FABC233B27219ECC00CF06E5 /* Products */ = {
			isa = PBXGroup;
			children = (
				FABC233A27219ECC00CF06E5 /* Mid-term.app */,
			);
			name = Products;
			sourceTree = "<group>";
		};
		FABC233C27219ECC00CF06E5 /* Mid-term */ = {
			isa = PBXGroup;
			children = (
				FABC233D27219ECC00CF06E5 /* Mid_termApp.swift */,
				FABC233F27219ECC00CF06E5 /* ContentView.swift */,
				FA5230502721BCDF003DC298 /* AddAlarmView.swift */,
				FA5230542721E0E4003DC298 /* EditAlarmView.swift */,
				FA5230522721BD62003DC298 /* AlarmCell.swift */,
				FABC234B2721A28B00CF06E5 /* Models.swift */,
				FA6C3BA72722987700C352C5 /* Utilities.swift */,
				FABC234127219ED100CF06E5 /* Assets.xcassets */,
				FABC234327219ED100CF06E5 /* Preview Content */,
			);
			path = "Mid-term";
			sourceTree = "<group>";
		};
		FABC234327219ED100CF06E5 /* Preview Content */ = {
			isa = PBXGroup;
			children = (
				FABC234427219ED100CF06E5 /* Preview Assets.xcassets */,
			);
			path = "Preview Content";
			sourceTree = "<group>";
		};
/* End PBXGroup section */

/* Begin PBXNativeTarget section */
		FABC233927219ECC00CF06E5 /* Mid-term */ = {
			isa = PBXNativeTarget;
			buildConfigurationList = FABC234827219ED100CF06E5 /* Build configuration list for PBXNativeTarget "Mid-term" */;
			buildPhases = (
				FABC233627219ECC00CF06E5 /* Sources */,
				FABC233727219ECC00CF06E5 /* Frameworks */,
				FABC233827219ECC00CF06E5 /* Resources */,
			);
			buildRules = (
			);
			dependencies = (
			);
			name = "Mid-term";
			productName = "Mid-term";
			productReference = FABC233A27219ECC00CF06E5 /* Mid-term.app */;
			productType = "com.apple.product-type.application";
		};
/* End PBXNativeTarget section */

/* Begin PBXProject section */
		FABC233227219ECC00CF06E5 /* Project object */ = {
			isa = PBXProject;
			attributes = {
				BuildIndependentTargetsInParallel = 1;
				LastSwiftUpdateCheck = 1300;
				LastUpgradeCheck = 1300;
				TargetAttributes = {
					FABC233927219ECC00CF06E5 = {
						CreatedOnToolsVersion = 13.0;
					};
				};
			};
			buildConfigurationList = FABC233527219ECC00CF06E5 /* Build configuration list for PBXProject "Mid-term" */;
			compatibilityVersion = "Xcode 13.0";
			developmentRegion = en;
			hasScannedForEncodings = 0;
			knownRegions = (
				en,
				Base,
			);
			mainGroup = FABC233127219ECC00CF06E5;
			productRefGroup = FABC233B27219ECC00CF06E5 /* Products */;
			projectDirPath = "";
			projectRoot = "";
			targets = (
				FABC233927219ECC00CF06E5 /* Mid-term */,
			);
		};
/* End PBXProject section */

/* Begin PBXResourcesBuildPhase section */
		FABC233827219ECC00CF06E5 /* Resources */ = {
			isa = PBXResourcesBuildPhase;
			buildActionMask = 2147483647;
			files = (
				FABC234527219ED100CF06E5 /* Preview Assets.xcassets in Resources */,
				FABC234227219ED100CF06E5 /* Assets.xcassets in Resources */,
			);
			runOnlyForDeploymentPostprocessing = 0;
		};
/* End PBXResourcesBuildPhase section */

/* Begin PBXSourcesBuildPhase section */
		FABC233627219ECC00CF06E5 /* Sources */ = {
			isa = PBXSourcesBuildPhase;
			buildActionMask = 2147483647;
			files = (
				FA5230512721BCDF003DC298 /* AddAlarmView.swift in Sources */,
				FABC234C2721A28B00CF06E5 /* Models.swift in Sources */,
				FA6C3BA82722987700C352C5 /* Utilities.swift in Sources */,
				FA5230552721E0E4003DC298 /* EditAlarmView.swift in Sources */,
				FABC234027219ECC00CF06E5 /* ContentView.swift in Sources */,
				FABC233E27219ECC00CF06E5 /* Mid_termApp.swift in Sources */,
				FA5230532721BD62003DC298 /* AlarmCell.swift in Sources */,
			);
			runOnlyForDeploymentPostprocessing = 0;
		};
/* End PBXSourcesBuildPhase section */

/* Begin XCBuildConfiguration section */
		FABC234627219ED100CF06E5 /* Debug */ = {
			isa = XCBuildConfiguration;
			buildSettings = {
				ALWAYS_SEARCH_USER_PATHS = NO;
				CLANG_ANALYZER_NONNULL = YES;
				CLANG_ANALYZER_NUMBER_OBJECT_CONVERSION = YES_AGGRESSIVE;
				CLANG_CXX_LANGUAGE_STANDARD = "gnu++17";
				CLANG_CXX_LIBRARY = "libc++";
				CLANG_ENABLE_MODULES = YES;
				CLANG_ENABLE_OBJC_ARC = YES;
				CLANG_ENABLE_OBJC_WEAK = YES;
				CLANG_WARN_BLOCK_CAPTURE_AUTORELEASING = YES;
				CLANG_WARN_BOOL_CONVERSION = YES;
				CLANG_WARN_COMMA = YES;
				CLANG_WARN_CONSTANT_CONVERSION = YES;
				CLANG_WARN_DEPRECATED_OBJC_IMPLEMENTATIONS = YES;
				CLANG_WARN_DIRECT_OBJC_ISA_USAGE = YES_ERROR;
				CLANG_WARN_DOCUMENTATION_COMMENTS = YES;
				CLANG_WARN_EMPTY_BODY = YES;
				CLANG_WARN_ENUM_CONVERSION = YES;
				CLANG_WARN_INFINITE_RECURSION = YES;
				CLANG_WARN_INT_CONVERSION = YES;
				CLANG_WARN_NON_LITERAL_NULL_CONVERSION = YES;
				CLANG_WARN_OBJC_IMPLICIT_RETAIN_SELF = YES;
				CLANG_WARN_OBJC_LITERAL_CONVERSION = YES;
				CLANG_WARN_OBJC_ROOT_CLASS = YES_ERROR;
				CLANG_WARN_QUOTED_INCLUDE_IN_FRAMEWORK_HEADER = YES;
				CLANG_WARN_RANGE_LOOP_ANALYSIS = YES;
				CLANG_WARN_STRICT_PROTOTYPES = YES;
				CLANG_WARN_SUSPICIOUS_MOVE = YES;
				CLANG_WARN_UNGUARDED_AVAILABILITY = YES_AGGRESSIVE;
				CLANG_WARN_UNREACHABLE_CODE = YES;
				CLANG_WARN__DUPLICATE_METHOD_MATCH = YES;
				COPY_PHASE_STRIP = NO;
				DEBUG_INFORMATION_FORMAT = dwarf;
				ENABLE_STRICT_OBJC_MSGSEND = YES;
				ENABLE_TESTABILITY = YES;
				GCC_C_LANGUAGE_STANDARD = gnu11;
				GCC_DYNAMIC_NO_PIC = NO;
				GCC_NO_COMMON_BLOCKS = YES;
				GCC_OPTIMIZATION_LEVEL = 0;
				GCC_PREPROCESSOR_DEFINITIONS = (
					"DEBUG=1",
					"$(inherited)",
				);
				GCC_WARN_64_TO_32_BIT_CONVERSION = YES;
				GCC_WARN_ABOUT_RETURN_TYPE = YES_ERROR;
				GCC_WARN_UNDECLARED_SELECTOR = YES;
				GCC_WARN_UNINITIALIZED_AUTOS = YES_AGGRESSIVE;
				GCC_WARN_UNUSED_FUNCTION = YES;
				GCC_WARN_UNUSED_VARIABLE = YES;
				IPHONEOS_DEPLOYMENT_TARGET = 15.0;
				MTL_ENABLE_DEBUG_INFO = INCLUDE_SOURCE;
				MTL_FAST_MATH = YES;
				ONLY_ACTIVE_ARCH = YES;
				SDKROOT = iphoneos;
				SWIFT_ACTIVE_COMPILATION_CONDITIONS = DEBUG;
				SWIFT_OPTIMIZATION_LEVEL = "-Onone";
			};
			name = Debug;
		};
		FABC234727219ED100CF06E5 /* Release */ = {
			isa = XCBuildConfiguration;
			buildSettings = {
				ALWAYS_SEARCH_USER_PATHS = NO;
				CLANG_ANALYZER_NONNULL = YES;
				CLANG_ANALYZER_NUMBER_OBJECT_CONVERSION = YES_AGGRESSIVE;
				CLANG_CXX_LANGUAGE_STANDARD = "gnu++17";
				CLANG_CXX_LIBRARY = "libc++";
				CLANG_ENABLE_MODULES = YES;
				CLANG_ENABLE_OBJC_ARC = YES;
				CLANG_ENABLE_OBJC_WEAK = YES;
				CLANG_WARN_BLOCK_CAPTURE_AUTORELEASING = YES;
				CLANG_WARN_BOOL_CONVERSION = YES;
				CLANG_WARN_COMMA = YES;
				CLANG_WARN_CONSTANT_CONVERSION = YES;
				CLANG_WARN_DEPRECATED_OBJC_IMPLEMENTATIONS = YES;
				CLANG_WARN_DIRECT_OBJC_ISA_USAGE = YES_ERROR;
				CLANG_WARN_DOCUMENTATION_COMMENTS = YES;
				CLANG_WARN_EMPTY_BODY = YES;
				CLANG_WARN_ENUM_CONVERSION = YES;
				CLANG_WARN_INFINITE_RECURSION = YES;
				CLANG_WARN_INT_CONVERSION = YES;
				CLANG_WARN_NON_LITERAL_NULL_CONVERSION = YES;
				CLANG_WARN_OBJC_IMPLICIT_RETAIN_SELF = YES;
				CLANG_WARN_OBJC_LITERAL_CONVERSION = YES;
				CLANG_WARN_OBJC_ROOT_CLASS = YES_ERROR;
				CLANG_WARN_QUOTED_INCLUDE_IN_FRAMEWORK_HEADER = YES;
				CLANG_WARN_RANGE_LOOP_ANALYSIS = YES;
				CLANG_WARN_STRICT_PROTOTYPES = YES;
				CLANG_WARN_SUSPICIOUS_MOVE = YES;
				CLANG_WARN_UNGUARDED_AVAILABILITY = YES_AGGRESSIVE;
				CLANG_WARN_UNREACHABLE_CODE = YES;
				CLANG_WARN__DUPLICATE_METHOD_MATCH = YES;
				COPY_PHASE_STRIP = NO;
				DEBUG_INFORMATION_FORMAT = "dwarf-with-dsym";
				ENABLE_NS_ASSERTIONS = NO;
				ENABLE_STRICT_OBJC_MSGSEND = YES;
				GCC_C_LANGUAGE_STANDARD = gnu11;
				GCC_NO_COMMON_BLOCKS = YES;
				GCC_WARN_64_TO_32_BIT_CONVERSION = YES;
				GCC_WARN_ABOUT_RETURN_TYPE = YES_ERROR;
				GCC_WARN_UNDECLARED_SELECTOR = YES;
				GCC_WARN_UNINITIALIZED_AUTOS = YES_AGGRESSIVE;
				GCC_WARN_UNUSED_FUNCTION = YES;
				GCC_WARN_UNUSED_VARIABLE = YES;
				IPHONEOS_DEPLOYMENT_TARGET = 15.0;
				MTL_ENABLE_DEBUG_INFO = NO;
				MTL_FAST_MATH = YES;
				SDKROOT = iphoneos;
				SWIFT_COMPILATION_MODE = wholemodule;
				SWIFT_OPTIMIZATION_LEVEL = "-O";
				VALIDATE_PRODUCT = YES;
			};
			name = Release;
		};
		FABC234927219ED100CF06E5 /* Debug */ = {
			isa = XCBuildConfiguration;
			buildSettings = {
				ASSETCATALOG_COMPILER_APPICON_NAME = AppIcon;
				ASSETCATALOG_COMPILER_GLOBAL_ACCENT_COLOR_NAME = AccentColor;
				CODE_SIGN_STYLE = Automatic;
				CURRENT_PROJECT_VERSION = 1;
				DEVELOPMENT_ASSET_PATHS = "\"Mid-term/Preview Content\"";
				DEVELOPMENT_TEAM = Z236KAUW3W;
				ENABLE_PREVIEWS = YES;
				GENERATE_INFOPLIST_FILE = YES;
				INFOPLIST_KEY_UIApplicationSceneManifest_Generation = YES;
				INFOPLIST_KEY_UIApplicationSupportsIndirectInputEvents = YES;
				INFOPLIST_KEY_UILaunchScreen_Generation = YES;
				INFOPLIST_KEY_UISupportedInterfaceOrientations_iPad = "UIInterfaceOrientationPortrait UIInterfaceOrientationPortraitUpsideDown UIInterfaceOrientationLandscapeLeft UIInterfaceOrientationLandscapeRight";
				INFOPLIST_KEY_UISupportedInterfaceOrientations_iPhone = "UIInterfaceOrientationPortrait UIInterfaceOrientationLandscapeLeft UIInterfaceOrientationLandscapeRight";
				IPHONEOS_DEPLOYMENT_TARGET = 14.0;
				LD_RUNPATH_SEARCH_PATHS = (
					"$(inherited)",
					"@executable_path/Frameworks",
				);
				MARKETING_VERSION = 1.0;
				PRODUCT_BUNDLE_IDENTIFIER = "com.AyatYeskendir.Mid-term";
				PRODUCT_NAME = "$(TARGET_NAME)";
				SWIFT_EMIT_LOC_STRINGS = YES;
				SWIFT_VERSION = 5.0;
				TARGETED_DEVICE_FAMILY = "1,2";
			};
			name = Debug;
		};
		FABC234A27219ED100CF06E5 /* Release */ = {
			isa = XCBuildConfiguration;
			buildSettings = {
				ASSETCATALOG_COMPILER_APPICON_NAME = AppIcon;
				ASSETCATALOG_COMPILER_GLOBAL_ACCENT_COLOR_NAME = AccentColor;
				CODE_SIGN_STYLE = Automatic;
				CURRENT_PROJECT_VERSION = 1;
				DEVELOPMENT_ASSET_PATHS = "\"Mid-term/Preview Content\"";
				DEVELOPMENT_TEAM = Z236KAUW3W;
				ENABLE_PREVIEWS = YES;
				GENERATE_INFOPLIST_FILE = YES;
				INFOPLIST_KEY_UIApplicationSceneManifest_Generation = YES;
				INFOPLIST_KEY_UIApplicationSupportsIndirectInputEvents = YES;
				INFOPLIST_KEY_UILaunchScreen_Generation = YES;
				INFOPLIST_KEY_UISupportedInterfaceOrientations_iPad = "UIInterfaceOrientationPortrait UIInterfaceOrientationPortraitUpsideDown UIInterfaceOrientationLandscapeLeft UIInterfaceOrientationLandscapeRight";
				INFOPLIST_KEY_UISupportedInterfaceOrientations_iPhone = "UIInterfaceOrientationPortrait UIInterfaceOrientationLandscapeLeft UIInterfaceOrientationLandscapeRight";
				IPHONEOS_DEPLOYMENT_TARGET = 14.0;
				LD_RUNPATH_SEARCH_PATHS = (
					"$(inherited)",
					"@executable_path/Frameworks",
				);
				MARKETING_VERSION = 1.0;
				PRODUCT_BUNDLE_IDENTIFIER = "com.AyatYeskendir.Mid-term";
				PRODUCT_NAME = "$(TARGET_NAME)";
				SWIFT_EMIT_LOC_STRINGS = YES;
				SWIFT_VERSION = 5.0;
				TARGETED_DEVICE_FAMILY = "1,2";
			};
			name = Release;
		};
/* End XCBuildConfiguration section */

/* Begin XCConfigurationList section */
		FABC233527219ECC00CF06E5 /* Build configuration list for PBXProject "Mid-term" */ = {
			isa = XCConfigurationList;
			buildConfigurations = (
				FABC234627219ED100CF06E5 /* Debug */,
				FABC234727219ED100CF06E5 /* Release */,
			);
			defaultConfigurationIsVisible = 0;
			defaultConfigurationName = Release;
		};
		FABC234827219ED100CF06E5 /* Build configuration list for PBXNativeTarget "Mid-term" */ = {
			isa = XCConfigurationList;
			buildConfigurations = (
				FABC234927219ED100CF06E5 /* Debug */,
				FABC234A27219ED100CF06E5 /* Release */,
			);
			defaultConfigurationIsVisible = 0;
			defaultConfigurationName = Release;
		};
/* End XCConfigurationList section */
	};
	rootObject = FABC233227219ECC00CF06E5 /* Project object */;
}
