// !$*UTF8*$!
{
	archiveVersion = 1;
	classes = {
	};
	objectVersion = 55;
	objects = {

/* Begin PBXBuildFile section */
		FA316A6D2770BA3600F7AB2C /* AddEventView.swift in Sources */ = {isa = PBXBuildFile; fileRef = FA316A6C2770BA3600F7AB2C /* AddEventView.swift */; };
		FA42CA40277381130048C150 /* EditProfileView.swift in Sources */ = {isa = PBXBuildFile; fileRef = FA42CA3F277381130048C150 /* EditProfileView.swift */; };
		FA52E39627679A7500985D56 /* ChatModel.swift in Sources */ = {isa = PBXBuildFile; fileRef = FA52E39527679A7500985D56 /* ChatModel.swift */; };
		FA55763027665D3B00DAF7AD /* ConverseWorldApp.swift in Sources */ = {isa = PBXBuildFile; fileRef = FA55762F27665D3B00DAF7AD /* ConverseWorldApp.swift */; };
		FA55763227665D3B00DAF7AD /* ContentView.swift in Sources */ = {isa = PBXBuildFile; fileRef = FA55763127665D3B00DAF7AD /* ContentView.swift */; };
		FA55763427665D3F00DAF7AD /* Assets.xcassets in Resources */ = {isa = PBXBuildFile; fileRef = FA55763327665D3F00DAF7AD /* Assets.xcassets */; };
		FA55763727665D3F00DAF7AD /* Preview Assets.xcassets in Resources */ = {isa = PBXBuildFile; fileRef = FA55763627665D3F00DAF7AD /* Preview Assets.xcassets */; };
		FA55763927665D3F00DAF7AD /* Persistence.swift in Sources */ = {isa = PBXBuildFile; fileRef = FA55763827665D3F00DAF7AD /* Persistence.swift */; };
		FA55763C27665D3F00DAF7AD /* ConverseWorld.xcdatamodeld in Sources */ = {isa = PBXBuildFile; fileRef = FA55763A27665D3F00DAF7AD /* ConverseWorld.xcdatamodeld */; };
		FA55764327665F0E00DAF7AD /* GoogleService-Info.plist in Resources */ = {isa = PBXBuildFile; fileRef = FA55764227665F0E00DAF7AD /* GoogleService-Info.plist */; };
		FA55764D276660EC00DAF7AD /* MassageViewModel.swift in Sources */ = {isa = PBXBuildFile; fileRef = FA55764C276660EC00DAF7AD /* MassageViewModel.swift */; };
		FA55764F276661A300DAF7AD /* RegisterView.swift in Sources */ = {isa = PBXBuildFile; fileRef = FA55764E276661A300DAF7AD /* RegisterView.swift */; };
		FAA4F399276774C30037E232 /* TabBarView.swift in Sources */ = {isa = PBXBuildFile; fileRef = FAA4F398276774C30037E232 /* TabBarView.swift */; };
		FAA4F39B276775310037E232 /* ChatView.swift in Sources */ = {isa = PBXBuildFile; fileRef = FAA4F39A276775310037E232 /* ChatView.swift */; };
		FAA4F39F276792E20037E232 /* ProfileView.swift in Sources */ = {isa = PBXBuildFile; fileRef = FAA4F39E276792E20037E232 /* ProfileView.swift */; };
		FAB8D6852768B25800D961CE /* NewsView.swift in Sources */ = {isa = PBXBuildFile; fileRef = FAB8D6842768B25800D961CE /* NewsView.swift */; };
		FAB8D6882768B53100D961CE /* SDWebImageSwiftUI in Frameworks */ = {isa = PBXBuildFile; productRef = FAB8D6872768B53100D961CE /* SDWebImageSwiftUI */; };
		FAB8D68B2768B90900D961CE /* FirebaseAuth in Frameworks */ = {isa = PBXBuildFile; productRef = FAB8D68A2768B90900D961CE /* FirebaseAuth */; };
		FAB8D68D2768B90900D961CE /* FirebaseDatabase in Frameworks */ = {isa = PBXBuildFile; productRef = FAB8D68C2768B90900D961CE /* FirebaseDatabase */; };
		FAB8D68F2768B90900D961CE /* FirebaseFirestore in Frameworks */ = {isa = PBXBuildFile; productRef = FAB8D68E2768B90900D961CE /* FirebaseFirestore */; };
		FAB8D6912768B90900D961CE /* FirebaseFirestoreSwift-Beta in Frameworks */ = {isa = PBXBuildFile; productRef = FAB8D6902768B90900D961CE /* FirebaseFirestoreSwift-Beta */; };
		FAB8D6932768B90900D961CE /* FirebaseStorage in Frameworks */ = {isa = PBXBuildFile; productRef = FAB8D6922768B90900D961CE /* FirebaseStorage */; };
		FAC48D432769C6870061C880 /* AllUsersView.swift in Sources */ = {isa = PBXBuildFile; fileRef = FAC48D422769C6870061C880 /* AllUsersView.swift */; };
		FAC735D5276B5A5B007F3468 /* UserInfoView.swift in Sources */ = {isa = PBXBuildFile; fileRef = FAC735D4276B5A5B007F3468 /* UserInfoView.swift */; };
		FAFDBF81276DB37B00B62B50 /* SavedEventsView.swift in Sources */ = {isa = PBXBuildFile; fileRef = FAFDBF80276DB37B00B62B50 /* SavedEventsView.swift */; };
/* End PBXBuildFile section */

/* Begin PBXFileReference section */
		FA316A6C2770BA3600F7AB2C /* AddEventView.swift */ = {isa = PBXFileReference; fileEncoding = 4; lastKnownFileType = sourcecode.swift; path = AddEventView.swift; sourceTree = "<group>"; };
		FA42CA3F277381130048C150 /* EditProfileView.swift */ = {isa = PBXFileReference; lastKnownFileType = sourcecode.swift; path = EditProfileView.swift; sourceTree = "<group>"; };
		FA52E39527679A7500985D56 /* ChatModel.swift */ = {isa = PBXFileReference; lastKnownFileType = sourcecode.swift; path = ChatModel.swift; sourceTree = "<group>"; };
		FA55762C27665D3B00DAF7AD /* ConverseWorld.app */ = {isa = PBXFileReference; explicitFileType = wrapper.application; includeInIndex = 0; path = ConverseWorld.app; sourceTree = BUILT_PRODUCTS_DIR; };
		FA55762F27665D3B00DAF7AD /* ConverseWorldApp.swift */ = {isa = PBXFileReference; lastKnownFileType = sourcecode.swift; path = ConverseWorldApp.swift; sourceTree = "<group>"; };
		FA55763127665D3B00DAF7AD /* ContentView.swift */ = {isa = PBXFileReference; lastKnownFileType = sourcecode.swift; path = ContentView.swift; sourceTree = "<group>"; };
		FA55763327665D3F00DAF7AD /* Assets.xcassets */ = {isa = PBXFileReference; lastKnownFileType = folder.assetcatalog; path = Assets.xcassets; sourceTree = "<group>"; };
		FA55763627665D3F00DAF7AD /* Preview Assets.xcassets */ = {isa = PBXFileReference; lastKnownFileType = folder.assetcatalog; path = "Preview Assets.xcassets"; sourceTree = "<group>"; };
		FA55763827665D3F00DAF7AD /* Persistence.swift */ = {isa = PBXFileReference; lastKnownFileType = sourcecode.swift; path = Persistence.swift; sourceTree = "<group>"; };
		FA55763B27665D3F00DAF7AD /* ConverseWorld.xcdatamodel */ = {isa = PBXFileReference; lastKnownFileType = wrapper.xcdatamodel; path = ConverseWorld.xcdatamodel; sourceTree = "<group>"; };
		FA55764227665F0E00DAF7AD /* GoogleService-Info.plist */ = {isa = PBXFileReference; fileEncoding = 4; lastKnownFileType = text.plist.xml; path = "GoogleService-Info.plist"; sourceTree = "<group>"; };
		FA55764C276660EC00DAF7AD /* MassageViewModel.swift */ = {isa = PBXFileReference; lastKnownFileType = sourcecode.swift; path = MassageViewModel.swift; sourceTree = "<group>"; };
		FA55764E276661A300DAF7AD /* RegisterView.swift */ = {isa = PBXFileReference; lastKnownFileType = sourcecode.swift; path = RegisterView.swift; sourceTree = "<group>"; };
		FAA4F398276774C30037E232 /* TabBarView.swift */ = {isa = PBXFileReference; lastKnownFileType = sourcecode.swift; path = TabBarView.swift; sourceTree = "<group>"; };
		FAA4F39A276775310037E232 /* ChatView.swift */ = {isa = PBXFileReference; lastKnownFileType = sourcecode.swift; path = ChatView.swift; sourceTree = "<group>"; };
		FAA4F39E276792E20037E232 /* ProfileView.swift */ = {isa = PBXFileReference; lastKnownFileType = sourcecode.swift; path = ProfileView.swift; sourceTree = "<group>"; };
		FAB8D6842768B25800D961CE /* NewsView.swift */ = {isa = PBXFileReference; lastKnownFileType = sourcecode.swift; path = NewsView.swift; sourceTree = "<group>"; };
		FAC48D422769C6870061C880 /* AllUsersView.swift */ = {isa = PBXFileReference; fileEncoding = 4; lastKnownFileType = sourcecode.swift; path = AllUsersView.swift; sourceTree = "<group>"; };
		FAC735D4276B5A5B007F3468 /* UserInfoView.swift */ = {isa = PBXFileReference; lastKnownFileType = sourcecode.swift; path = UserInfoView.swift; sourceTree = "<group>"; };
		FAFDBF80276DB37B00B62B50 /* SavedEventsView.swift */ = {isa = PBXFileReference; lastKnownFileType = sourcecode.swift; path = SavedEventsView.swift; sourceTree = "<group>"; };
/* End PBXFileReference section */

/* Begin PBXFrameworksBuildPhase section */
		FA55762927665D3B00DAF7AD /* Frameworks */ = {
			isa = PBXFrameworksBuildPhase;
			buildActionMask = 2147483647;
			files = (
				FAB8D68D2768B90900D961CE /* FirebaseDatabase in Frameworks */,
				FAB8D68F2768B90900D961CE /* FirebaseFirestore in Frameworks */,
				FAB8D6912768B90900D961CE /* FirebaseFirestoreSwift-Beta in Frameworks */,
				FAB8D6882768B53100D961CE /* SDWebImageSwiftUI in Frameworks */,
				FAB8D68B2768B90900D961CE /* FirebaseAuth in Frameworks */,
				FAB8D6932768B90900D961CE /* FirebaseStorage in Frameworks */,
			);
			runOnlyForDeploymentPostprocessing = 0;
		};
/* End PBXFrameworksBuildPhase section */

/* Begin PBXGroup section */
		FA55762327665D3B00DAF7AD = {
			isa = PBXGroup;
			children = (
				FA55762E27665D3B00DAF7AD /* ConverseWorld */,
				FA55762D27665D3B00DAF7AD /* Products */,
			);
			sourceTree = "<group>";
		};
		FA55762D27665D3B00DAF7AD /* Products */ = {
			isa = PBXGroup;
			children = (
				FA55762C27665D3B00DAF7AD /* ConverseWorld.app */,
			);
			name = Products;
			sourceTree = "<group>";
		};
		FA55762E27665D3B00DAF7AD /* ConverseWorld */ = {
			isa = PBXGroup;
			children = (
				FA52E39527679A7500985D56 /* ChatModel.swift */,
				FA55764E276661A300DAF7AD /* RegisterView.swift */,
				FAA4F398276774C30037E232 /* TabBarView.swift */,
				FA316A6C2770BA3600F7AB2C /* AddEventView.swift */,
				FAA4F39A276775310037E232 /* ChatView.swift */,
				FAA4F39E276792E20037E232 /* ProfileView.swift */,
				FAB8D6842768B25800D961CE /* NewsView.swift */,
				FAC48D422769C6870061C880 /* AllUsersView.swift */,
				FAC735D4276B5A5B007F3468 /* UserInfoView.swift */,
				FAFDBF80276DB37B00B62B50 /* SavedEventsView.swift */,
				FA42CA3F277381130048C150 /* EditProfileView.swift */,
				FA55764C276660EC00DAF7AD /* MassageViewModel.swift */,
				FA55762F27665D3B00DAF7AD /* ConverseWorldApp.swift */,
				FA55763127665D3B00DAF7AD /* ContentView.swift */,
				FA55763327665D3F00DAF7AD /* Assets.xcassets */,
				FA55764227665F0E00DAF7AD /* GoogleService-Info.plist */,
				FA55763827665D3F00DAF7AD /* Persistence.swift */,
				FA55763A27665D3F00DAF7AD /* ConverseWorld.xcdatamodeld */,
				FA55763527665D3F00DAF7AD /* Preview Content */,
			);
			path = ConverseWorld;
			sourceTree = "<group>";
		};
		FA55763527665D3F00DAF7AD /* Preview Content */ = {
			isa = PBXGroup;
			children = (
				FA55763627665D3F00DAF7AD /* Preview Assets.xcassets */,
			);
			path = "Preview Content";
			sourceTree = "<group>";
		};
/* End PBXGroup section */

/* Begin PBXNativeTarget section */
		FA55762B27665D3B00DAF7AD /* ConverseWorld */ = {
			isa = PBXNativeTarget;
			buildConfigurationList = FA55763F27665D3F00DAF7AD /* Build configuration list for PBXNativeTarget "ConverseWorld" */;
			buildPhases = (
				FA55762827665D3B00DAF7AD /* Sources */,
				FA55762927665D3B00DAF7AD /* Frameworks */,
				FA55762A27665D3B00DAF7AD /* Resources */,
			);
			buildRules = (
			);
			dependencies = (
			);
			name = ConverseWorld;
			packageProductDependencies = (
				FAB8D6872768B53100D961CE /* SDWebImageSwiftUI */,
				FAB8D68A2768B90900D961CE /* FirebaseAuth */,
				FAB8D68C2768B90900D961CE /* FirebaseDatabase */,
				FAB8D68E2768B90900D961CE /* FirebaseFirestore */,
				FAB8D6902768B90900D961CE /* FirebaseFirestoreSwift-Beta */,
				FAB8D6922768B90900D961CE /* FirebaseStorage */,
			);
			productName = ConverseWorld;
			productReference = FA55762C27665D3B00DAF7AD /* ConverseWorld.app */;
			productType = "com.apple.product-type.application";
		};
/* End PBXNativeTarget section */

/* Begin PBXProject section */
		FA55762427665D3B00DAF7AD /* Project object */ = {
			isa = PBXProject;
			attributes = {
				BuildIndependentTargetsInParallel = 1;
				LastSwiftUpdateCheck = 1310;
				LastUpgradeCheck = 1310;
				TargetAttributes = {
					FA55762B27665D3B00DAF7AD = {
						CreatedOnToolsVersion = 13.1;
					};
				};
			};
			buildConfigurationList = FA55762727665D3B00DAF7AD /* Build configuration list for PBXProject "ConverseWorld" */;
			compatibilityVersion = "Xcode 13.0";
			developmentRegion = en;
			hasScannedForEncodings = 0;
			knownRegions = (
				en,
				Base,
			);
			mainGroup = FA55762327665D3B00DAF7AD;
			packageReferences = (
				FAB8D6862768B53100D961CE /* XCRemoteSwiftPackageReference "SDWebImageSwiftUI" */,
				FAB8D6892768B90900D961CE /* XCRemoteSwiftPackageReference "firebase-ios-sdk" */,
			);
			productRefGroup = FA55762D27665D3B00DAF7AD /* Products */;
			projectDirPath = "";
			projectRoot = "";
			targets = (
				FA55762B27665D3B00DAF7AD /* ConverseWorld */,
			);
		};
/* End PBXProject section */

/* Begin PBXResourcesBuildPhase section */
		FA55762A27665D3B00DAF7AD /* Resources */ = {
			isa = PBXResourcesBuildPhase;
			buildActionMask = 2147483647;
			files = (
				FA55763727665D3F00DAF7AD /* Preview Assets.xcassets in Resources */,
				FA55763427665D3F00DAF7AD /* Assets.xcassets in Resources */,
				FA55764327665F0E00DAF7AD /* GoogleService-Info.plist in Resources */,
			);
			runOnlyForDeploymentPostprocessing = 0;
		};
/* End PBXResourcesBuildPhase section */

/* Begin PBXSourcesBuildPhase section */
		FA55762827665D3B00DAF7AD /* Sources */ = {
			isa = PBXSourcesBuildPhase;
			buildActionMask = 2147483647;
			files = (
				FA52E39627679A7500985D56 /* ChatModel.swift in Sources */,
				FAFDBF81276DB37B00B62B50 /* SavedEventsView.swift in Sources */,
				FA42CA40277381130048C150 /* EditProfileView.swift in Sources */,
				FA55763927665D3F00DAF7AD /* Persistence.swift in Sources */,
				FAA4F39F276792E20037E232 /* ProfileView.swift in Sources */,
				FAC48D432769C6870061C880 /* AllUsersView.swift in Sources */,
				FA55763227665D3B00DAF7AD /* ContentView.swift in Sources */,
				FAA4F399276774C30037E232 /* TabBarView.swift in Sources */,
				FAB8D6852768B25800D961CE /* NewsView.swift in Sources */,
				FA55763027665D3B00DAF7AD /* ConverseWorldApp.swift in Sources */,
				FAA4F39B276775310037E232 /* ChatView.swift in Sources */,
				FA316A6D2770BA3600F7AB2C /* AddEventView.swift in Sources */,
				FA55764F276661A300DAF7AD /* RegisterView.swift in Sources */,
				FAC735D5276B5A5B007F3468 /* UserInfoView.swift in Sources */,
				FA55764D276660EC00DAF7AD /* MassageViewModel.swift in Sources */,
				FA55763C27665D3F00DAF7AD /* ConverseWorld.xcdatamodeld in Sources */,
			);
			runOnlyForDeploymentPostprocessing = 0;
		};
/* End PBXSourcesBuildPhase section */

/* Begin XCBuildConfiguration section */
		FA55763D27665D3F00DAF7AD /* Debug */ = {
			isa = XCBuildConfiguration;
			buildSettings = {
				ALWAYS_SEARCH_USER_PATHS = NO;
				CLANG_ANALYZER_NONNULL = YES;
				CLANG_ANALYZER_NUMBER_OBJECT_CONVERSION = YES_AGGRESSIVE;
				CLANG_CXX_LANGUAGE_STANDARD = "gnu++17";
				CLANG_CXX_LIBRARY = "libc++";
				CLANG_ENABLE_MODULES = YES;
				CLANG_ENABLE_OBJC_ARC = YES;
				CLANG_ENABLE_OBJC_WEAK = YES;
				CLANG_WARN_BLOCK_CAPTURE_AUTORELEASING = YES;
				CLANG_WARN_BOOL_CONVERSION = YES;
				CLANG_WARN_COMMA = YES;
				CLANG_WARN_CONSTANT_CONVERSION = YES;
				CLANG_WARN_DEPRECATED_OBJC_IMPLEMENTATIONS = YES;
				CLANG_WARN_DIRECT_OBJC_ISA_USAGE = YES_ERROR;
				CLANG_WARN_DOCUMENTATION_COMMENTS = YES;
				CLANG_WARN_EMPTY_BODY = YES;
				CLANG_WARN_ENUM_CONVERSION = YES;
				CLANG_WARN_INFINITE_RECURSION = YES;
				CLANG_WARN_INT_CONVERSION = YES;
				CLANG_WARN_NON_LITERAL_NULL_CONVERSION = YES;
				CLANG_WARN_OBJC_IMPLICIT_RETAIN_SELF = YES;
				CLANG_WARN_OBJC_LITERAL_CONVERSION = YES;
				CLANG_WARN_OBJC_ROOT_CLASS = YES_ERROR;
				CLANG_WARN_QUOTED_INCLUDE_IN_FRAMEWORK_HEADER = YES;
				CLANG_WARN_RANGE_LOOP_ANALYSIS = YES;
				CLANG_WARN_STRICT_PROTOTYPES = YES;
				CLANG_WARN_SUSPICIOUS_MOVE = YES;
				CLANG_WARN_UNGUARDED_AVAILABILITY = YES_AGGRESSIVE;
				CLANG_WARN_UNREACHABLE_CODE = YES;
				CLANG_WARN__DUPLICATE_METHOD_MATCH = YES;
				COPY_PHASE_STRIP = NO;
				DEBUG_INFORMATION_FORMAT = dwarf;
				ENABLE_STRICT_OBJC_MSGSEND = YES;
				ENABLE_TESTABILITY = YES;
				GCC_C_LANGUAGE_STANDARD = gnu11;
				GCC_DYNAMIC_NO_PIC = NO;
				GCC_NO_COMMON_BLOCKS = YES;
				GCC_OPTIMIZATION_LEVEL = 0;
				GCC_PREPROCESSOR_DEFINITIONS = (
					"DEBUG=1",
					"$(inherited)",
				);
				GCC_WARN_64_TO_32_BIT_CONVERSION = YES;
				GCC_WARN_ABOUT_RETURN_TYPE = YES_ERROR;
				GCC_WARN_UNDECLARED_SELECTOR = YES;
				GCC_WARN_UNINITIALIZED_AUTOS = YES_AGGRESSIVE;
				GCC_WARN_UNUSED_FUNCTION = YES;
				GCC_WARN_UNUSED_VARIABLE = YES;
				IPHONEOS_DEPLOYMENT_TARGET = 15.0;
				MTL_ENABLE_DEBUG_INFO = INCLUDE_SOURCE;
				MTL_FAST_MATH = YES;
				ONLY_ACTIVE_ARCH = YES;
				SDKROOT = iphoneos;
				SWIFT_ACTIVE_COMPILATION_CONDITIONS = DEBUG;
				SWIFT_OPTIMIZATION_LEVEL = "-Onone";
			};
			name = Debug;
		};
		FA55763E27665D3F00DAF7AD /* Release */ = {
			isa = XCBuildConfiguration;
			buildSettings = {
				ALWAYS_SEARCH_USER_PATHS = NO;
				CLANG_ANALYZER_NONNULL = YES;
				CLANG_ANALYZER_NUMBER_OBJECT_CONVERSION = YES_AGGRESSIVE;
				CLANG_CXX_LANGUAGE_STANDARD = "gnu++17";
				CLANG_CXX_LIBRARY = "libc++";
				CLANG_ENABLE_MODULES = YES;
				CLANG_ENABLE_OBJC_ARC = YES;
				CLANG_ENABLE_OBJC_WEAK = YES;
				CLANG_WARN_BLOCK_CAPTURE_AUTORELEASING = YES;
				CLANG_WARN_BOOL_CONVERSION = YES;
				CLANG_WARN_COMMA = YES;
				CLANG_WARN_CONSTANT_CONVERSION = YES;
				CLANG_WARN_DEPRECATED_OBJC_IMPLEMENTATIONS = YES;
				CLANG_WARN_DIRECT_OBJC_ISA_USAGE = YES_ERROR;
				CLANG_WARN_DOCUMENTATION_COMMENTS = YES;
				CLANG_WARN_EMPTY_BODY = YES;
				CLANG_WARN_ENUM_CONVERSION = YES;
				CLANG_WARN_INFINITE_RECURSION = YES;
				CLANG_WARN_INT_CONVERSION = YES;
				CLANG_WARN_NON_LITERAL_NULL_CONVERSION = YES;
				CLANG_WARN_OBJC_IMPLICIT_RETAIN_SELF = YES;
				CLANG_WARN_OBJC_LITERAL_CONVERSION = YES;
				CLANG_WARN_OBJC_ROOT_CLASS = YES_ERROR;
				CLANG_WARN_QUOTED_INCLUDE_IN_FRAMEWORK_HEADER = YES;
				CLANG_WARN_RANGE_LOOP_ANALYSIS = YES;
				CLANG_WARN_STRICT_PROTOTYPES = YES;
				CLANG_WARN_SUSPICIOUS_MOVE = YES;
				CLANG_WARN_UNGUARDED_AVAILABILITY = YES_AGGRESSIVE;
				CLANG_WARN_UNREACHABLE_CODE = YES;
				CLANG_WARN__DUPLICATE_METHOD_MATCH = YES;
				COPY_PHASE_STRIP = NO;
				DEBUG_INFORMATION_FORMAT = "dwarf-with-dsym";
				ENABLE_NS_ASSERTIONS = NO;
				ENABLE_STRICT_OBJC_MSGSEND = YES;
				GCC_C_LANGUAGE_STANDARD = gnu11;
				GCC_NO_COMMON_BLOCKS = YES;
				GCC_WARN_64_TO_32_BIT_CONVERSION = YES;
				GCC_WARN_ABOUT_RETURN_TYPE = YES_ERROR;
				GCC_WARN_UNDECLARED_SELECTOR = YES;
				GCC_WARN_UNINITIALIZED_AUTOS = YES_AGGRESSIVE;
				GCC_WARN_UNUSED_FUNCTION = YES;
				GCC_WARN_UNUSED_VARIABLE = YES;
				IPHONEOS_DEPLOYMENT_TARGET = 15.0;
				MTL_ENABLE_DEBUG_INFO = NO;
				MTL_FAST_MATH = YES;
				SDKROOT = iphoneos;
				SWIFT_COMPILATION_MODE = wholemodule;
				SWIFT_OPTIMIZATION_LEVEL = "-O";
				VALIDATE_PRODUCT = YES;
			};
			name = Release;
		};
		FA55764027665D3F00DAF7AD /* Debug */ = {
			isa = XCBuildConfiguration;
			buildSettings = {
				ASSETCATALOG_COMPILER_APPICON_NAME = AppIcon;
				ASSETCATALOG_COMPILER_GLOBAL_ACCENT_COLOR_NAME = AccentColor;
				CODE_SIGN_STYLE = Automatic;
				CURRENT_PROJECT_VERSION = 1;
				DEVELOPMENT_ASSET_PATHS = "\"ConverseWorld/Preview Content\"";
				DEVELOPMENT_TEAM = Z236KAUW3W;
				ENABLE_PREVIEWS = YES;
				GENERATE_INFOPLIST_FILE = YES;
				INFOPLIST_KEY_UIApplicationSceneManifest_Generation = YES;
				INFOPLIST_KEY_UIApplicationSupportsIndirectInputEvents = YES;
				INFOPLIST_KEY_UILaunchScreen_Generation = YES;
				INFOPLIST_KEY_UISupportedInterfaceOrientations_iPad = "UIInterfaceOrientationPortrait UIInterfaceOrientationPortraitUpsideDown UIInterfaceOrientationLandscapeLeft UIInterfaceOrientationLandscapeRight";
				INFOPLIST_KEY_UISupportedInterfaceOrientations_iPhone = "UIInterfaceOrientationPortrait UIInterfaceOrientationLandscapeLeft UIInterfaceOrientationLandscapeRight";
				LD_RUNPATH_SEARCH_PATHS = (
					"$(inherited)",
					"@executable_path/Frameworks",
				);
				MARKETING_VERSION = 1.0;
				PRODUCT_BUNDLE_IDENTIFIER = com.AyatYeskendir.ConverseWorld;
				PRODUCT_NAME = "$(TARGET_NAME)";
				SWIFT_EMIT_LOC_STRINGS = YES;
				SWIFT_VERSION = 5.0;
				TARGETED_DEVICE_FAMILY = "1,2";
			};
			name = Debug;
		};
		FA55764127665D3F00DAF7AD /* Release */ = {
			isa = XCBuildConfiguration;
			buildSettings = {
				ASSETCATALOG_COMPILER_APPICON_NAME = AppIcon;
				ASSETCATALOG_COMPILER_GLOBAL_ACCENT_COLOR_NAME = AccentColor;
				CODE_SIGN_STYLE = Automatic;
				CURRENT_PROJECT_VERSION = 1;
				DEVELOPMENT_ASSET_PATHS = "\"ConverseWorld/Preview Content\"";
				DEVELOPMENT_TEAM = Z236KAUW3W;
				ENABLE_PREVIEWS = YES;
				GENERATE_INFOPLIST_FILE = YES;
				INFOPLIST_KEY_UIApplicationSceneManifest_Generation = YES;
				INFOPLIST_KEY_UIApplicationSupportsIndirectInputEvents = YES;
				INFOPLIST_KEY_UILaunchScreen_Generation = YES;
				INFOPLIST_KEY_UISupportedInterfaceOrientations_iPad = "UIInterfaceOrientationPortrait UIInterfaceOrientationPortraitUpsideDown UIInterfaceOrientationLandscapeLeft UIInterfaceOrientationLandscapeRight";
				INFOPLIST_KEY_UISupportedInterfaceOrientations_iPhone = "UIInterfaceOrientationPortrait UIInterfaceOrientationLandscapeLeft UIInterfaceOrientationLandscapeRight";
				LD_RUNPATH_SEARCH_PATHS = (
					"$(inherited)",
					"@executable_path/Frameworks",
				);
				MARKETING_VERSION = 1.0;
				PRODUCT_BUNDLE_IDENTIFIER = com.AyatYeskendir.ConverseWorld;
				PRODUCT_NAME = "$(TARGET_NAME)";
				SWIFT_EMIT_LOC_STRINGS = YES;
				SWIFT_VERSION = 5.0;
				TARGETED_DEVICE_FAMILY = "1,2";
			};
			name = Release;
		};
/* End XCBuildConfiguration section */

/* Begin XCConfigurationList section */
		FA55762727665D3B00DAF7AD /* Build configuration list for PBXProject "ConverseWorld" */ = {
			isa = XCConfigurationList;
			buildConfigurations = (
				FA55763D27665D3F00DAF7AD /* Debug */,
				FA55763E27665D3F00DAF7AD /* Release */,
			);
			defaultConfigurationIsVisible = 0;
			defaultConfigurationName = Release;
		};
		FA55763F27665D3F00DAF7AD /* Build configuration list for PBXNativeTarget "ConverseWorld" */ = {
			isa = XCConfigurationList;
			buildConfigurations = (
				FA55764027665D3F00DAF7AD /* Debug */,
				FA55764127665D3F00DAF7AD /* Release */,
			);
			defaultConfigurationIsVisible = 0;
			defaultConfigurationName = Release;
		};
/* End XCConfigurationList section */

/* Begin XCRemoteSwiftPackageReference section */
		FAB8D6862768B53100D961CE /* XCRemoteSwiftPackageReference "SDWebImageSwiftUI" */ = {
			isa = XCRemoteSwiftPackageReference;
			repositoryURL = "https://github.com/SDWebImage/SDWebImageSwiftUI";
			requirement = {
				kind = upToNextMajorVersion;
				minimumVersion = 2.0.0;
			};
		};
		FAB8D6892768B90900D961CE /* XCRemoteSwiftPackageReference "firebase-ios-sdk" */ = {
			isa = XCRemoteSwiftPackageReference;
			repositoryURL = "https://github.com/firebase/firebase-ios-sdk";
			requirement = {
				kind = upToNextMajorVersion;
				minimumVersion = 8.0.0;
			};
		};
/* End XCRemoteSwiftPackageReference section */

/* Begin XCSwiftPackageProductDependency section */
		FAB8D6872768B53100D961CE /* SDWebImageSwiftUI */ = {
			isa = XCSwiftPackageProductDependency;
			package = FAB8D6862768B53100D961CE /* XCRemoteSwiftPackageReference "SDWebImageSwiftUI" */;
			productName = SDWebImageSwiftUI;
		};
		FAB8D68A2768B90900D961CE /* FirebaseAuth */ = {
			isa = XCSwiftPackageProductDependency;
			package = FAB8D6892768B90900D961CE /* XCRemoteSwiftPackageReference "firebase-ios-sdk" */;
			productName = FirebaseAuth;
		};
		FAB8D68C2768B90900D961CE /* FirebaseDatabase */ = {
			isa = XCSwiftPackageProductDependency;
			package = FAB8D6892768B90900D961CE /* XCRemoteSwiftPackageReference "firebase-ios-sdk" */;
			productName = FirebaseDatabase;
		};
		FAB8D68E2768B90900D961CE /* FirebaseFirestore */ = {
			isa = XCSwiftPackageProductDependency;
			package = FAB8D6892768B90900D961CE /* XCRemoteSwiftPackageReference "firebase-ios-sdk" */;
			productName = FirebaseFirestore;
		};
		FAB8D6902768B90900D961CE /* FirebaseFirestoreSwift-Beta */ = {
			isa = XCSwiftPackageProductDependency;
			package = FAB8D6892768B90900D961CE /* XCRemoteSwiftPackageReference "firebase-ios-sdk" */;
			productName = "FirebaseFirestoreSwift-Beta";
		};
		FAB8D6922768B90900D961CE /* FirebaseStorage */ = {
			isa = XCSwiftPackageProductDependency;
			package = FAB8D6892768B90900D961CE /* XCRemoteSwiftPackageReference "firebase-ios-sdk" */;
			productName = FirebaseStorage;
		};
/* End XCSwiftPackageProductDependency section */

/* Begin XCVersionGroup section */
		FA55763A27665D3F00DAF7AD /* ConverseWorld.xcdatamodeld */ = {
			isa = XCVersionGroup;
			children = (
				FA55763B27665D3F00DAF7AD /* ConverseWorld.xcdatamodel */,
			);
			currentVersion = FA55763B27665D3F00DAF7AD /* ConverseWorld.xcdatamodel */;
			path = ConverseWorld.xcdatamodeld;
			sourceTree = "<group>";
			versionGroupType = wrapper.xcdatamodel;
		};
/* End XCVersionGroup section */
	};
	rootObject = FA55762427665D3B00DAF7AD /* Project object */;
}
